
Microsoft Visual Studio Solution File, Format Version 12.00
# Visual Studio Version 17
VisualStudioVersion = 17.1.32328.378
MinimumVisualStudioVersion = 10.0.40219.1
Project("{9A19103F-16F7-4668-BE54-9A1E7A4F7556}") = "DndPocketAssistant.Player.GUI", "GUI\WPF\DndPocketAssistant.Player.GUI.csproj", "{D57CF285-78F1-4F97-BCA5-FE106AEB60B9}"
EndProject
Project("{2150E333-8FDC-42A3-9474-1A3956D46DE8}") = "GUI", "GUI", "{ABA2DBAC-4CB5-4A4C-BD29-320A2E343F92}"
EndProject
Project("{2150E333-8FDC-42A3-9474-1A3956D46DE8}") = "StatRoller", "StatRoller", "{51E3BFF5-F5B9-4230-9CE9-888D346FE4B3}"
EndProject
Project("{2150E333-8FDC-42A3-9474-1A3956D46DE8}") = "Shopkeeper", "Shopkeeper", "{9E42650B-86EF-475B-A102-E67807326057}"
EndProject
Project("{9A19103F-16F7-4668-BE54-9A1E7A4F7556}") = "DndPocketAssistant.StatRoller.Tests", "StatRoller\Tests\DndPocketAssistant.StatRoller.Tests.csproj", "{98AD1522-B1B3-479C-8164-06A8D964FDAC}"
EndProject
Project("{9A19103F-16F7-4668-BE54-9A1E7A4F7556}") = "DndPocketAssistant.StatRoller.API", "StatRoller\API\DndPocketAssistant.StatRoller.API.csproj", "{BEEA427F-B50E-4CCF-93AA-CA14E924FBA3}"
EndProject
Project("{9A19103F-16F7-4668-BE54-9A1E7A4F7556}") = "DndPocketAssistant.GUI.Console", "GUI\Console\DndPocketAssistant.GUI.Console.csproj", "{29296369-782D-49F2-974F-34E6EB38FA22}"
EndProject
Global
	GlobalSection(SolutionConfigurationPlatforms) = preSolution
		Debug|Any CPU = Debug|Any CPU
		Release|Any CPU = Release|Any CPU
	EndGlobalSection
	GlobalSection(ProjectConfigurationPlatforms) = postSolution
		{D57CF285-78F1-4F97-BCA5-FE106AEB60B9}.Debug|Any CPU.ActiveCfg = Debug|Any CPU
		{D57CF285-78F1-4F97-BCA5-FE106AEB60B9}.Debug|Any CPU.Build.0 = Debug|Any CPU
		{D57CF285-78F1-4F97-BCA5-FE106AEB60B9}.Release|Any CPU.ActiveCfg = Release|Any CPU
		{D57CF285-78F1-4F97-BCA5-FE106AEB60B9}.Release|Any CPU.Build.0 = Release|Any CPU
		{98AD1522-B1B3-479C-8164-06A8D964FDAC}.Debug|Any CPU.ActiveCfg = Debug|Any CPU
		{98AD1522-B1B3-479C-8164-06A8D964FDAC}.Debug|Any CPU.Build.0 = Debug|Any CPU
		{98AD1522-B1B3-479C-8164-06A8D964FDAC}.Release|Any CPU.ActiveCfg = Release|Any CPU
		{98AD1522-B1B3-479C-8164-06A8D964FDAC}.Release|Any CPU.Build.0 = Release|Any CPU
		{BEEA427F-B50E-4CCF-93AA-CA14E924FBA3}.Debug|Any CPU.ActiveCfg = Debug|Any CPU
		{BEEA427F-B50E-4CCF-93AA-CA14E924FBA3}.Debug|Any CPU.Build.0 = Debug|Any CPU
		{BEEA427F-B50E-4CCF-93AA-CA14E924FBA3}.Release|Any CPU.ActiveCfg = Release|Any CPU
		{BEEA427F-B50E-4CCF-93AA-CA14E924FBA3}.Release|Any CPU.Build.0 = Release|Any CPU
		{29296369-782D-49F2-974F-34E6EB38FA22}.Debug|Any CPU.ActiveCfg = Debug|Any CPU
		{29296369-782D-49F2-974F-34E6EB38FA22}.Debug|Any CPU.Build.0 = Debug|Any CPU
		{29296369-782D-49F2-974F-34E6EB38FA22}.Release|Any CPU.ActiveCfg = Release|Any CPU
		{29296369-782D-49F2-974F-34E6EB38FA22}.Release|Any CPU.Build.0 = Release|Any CPU
	EndGlobalSection
	GlobalSection(SolutionProperties) = preSolution
		HideSolutionNode = FALSE
	EndGlobalSection
	GlobalSection(NestedProjects) = preSolution
		{D57CF285-78F1-4F97-BCA5-FE106AEB60B9} = {ABA2DBAC-4CB5-4A4C-BD29-320A2E343F92}
		{98AD1522-B1B3-479C-8164-06A8D964FDAC} = {51E3BFF5-F5B9-4230-9CE9-888D346FE4B3}
		{BEEA427F-B50E-4CCF-93AA-CA14E924FBA3} = {51E3BFF5-F5B9-4230-9CE9-888D346FE4B3}
		{29296369-782D-49F2-974F-34E6EB38FA22} = {ABA2DBAC-4CB5-4A4C-BD29-320A2E343F92}
	EndGlobalSection
	GlobalSection(ExtensibilityGlobals) = postSolution
		SolutionGuid = {17EBE0F9-032B-415D-B4A9-F9A8D593E098}
	EndGlobalSection
EndGlobal
