
Microsoft Visual Studio Solution File, Format Version 12.00
# Visual Studio Version 17
VisualStudioVersion = 17.1.32328.378
MinimumVisualStudioVersion = 10.0.40219.1
Project("{2150E333-8FDC-42A3-9474-1A3956D46DE8}") = "StatRoller", "StatRoller", "{51E3BFF5-F5B9-4230-9CE9-888D346FE4B3}"
EndProject
Project("{2150E333-8FDC-42A3-9474-1A3956D46DE8}") = "Shopkeeper", "Shopkeeper", "{9E42650B-86EF-475B-A102-E67807326057}"
EndProject
Project("{9A19103F-16F7-4668-BE54-9A1E7A4F7556}") = "DndPocketAssistant.StatRoller.Tests", "StatRoller\Tests\DndPocketAssistant.StatRoller.Tests.csproj", "{98AD1522-B1B3-479C-8164-06A8D964FDAC}"
EndProject
Project("{9A19103F-16F7-4668-BE54-9A1E7A4F7556}") = "DndPocketAssistant.StatRoller.API", "StatRoller\API\DndPocketAssistant.StatRoller.API.csproj", "{BEEA427F-B50E-4CCF-93AA-CA14E924FBA3}"
EndProject
Project("{2150E333-8FDC-42A3-9474-1A3956D46DE8}") = "Player", "Player", "{AE1A4195-8540-420F-B1A7-20D501A00050}"
EndProject
Project("{9A19103F-16F7-4668-BE54-9A1E7A4F7556}") = "DndPocketAssistant.Player.GUI", "Player\GUI\DndPocketAssistant.Player.GUI.csproj", "{BEEE5D0B-CE93-40B1-B24F-414EC13D7C88}"
EndProject
Global
	GlobalSection(SolutionConfigurationPlatforms) = preSolution
		Debug|Any CPU = Debug|Any CPU
		Release|Any CPU = Release|Any CPU
	EndGlobalSection
	GlobalSection(ProjectConfigurationPlatforms) = postSolution
		{98AD1522-B1B3-479C-8164-06A8D964FDAC}.Debug|Any CPU.ActiveCfg = Debug|Any CPU
		{98AD1522-B1B3-479C-8164-06A8D964FDAC}.Debug|Any CPU.Build.0 = Debug|Any CPU
		{98AD1522-B1B3-479C-8164-06A8D964FDAC}.Release|Any CPU.ActiveCfg = Release|Any CPU
		{98AD1522-B1B3-479C-8164-06A8D964FDAC}.Release|Any CPU.Build.0 = Release|Any CPU
		{BEEA427F-B50E-4CCF-93AA-CA14E924FBA3}.Debug|Any CPU.ActiveCfg = Debug|Any CPU
		{BEEA427F-B50E-4CCF-93AA-CA14E924FBA3}.Debug|Any CPU.Build.0 = Debug|Any CPU
		{BEEA427F-B50E-4CCF-93AA-CA14E924FBA3}.Release|Any CPU.ActiveCfg = Release|Any CPU
		{BEEA427F-B50E-4CCF-93AA-CA14E924FBA3}.Release|Any CPU.Build.0 = Release|Any CPU
		{BEEE5D0B-CE93-40B1-B24F-414EC13D7C88}.Debug|Any CPU.ActiveCfg = Debug|Any CPU
		{BEEE5D0B-CE93-40B1-B24F-414EC13D7C88}.Debug|Any CPU.Build.0 = Debug|Any CPU
		{BEEE5D0B-CE93-40B1-B24F-414EC13D7C88}.Release|Any CPU.ActiveCfg = Release|Any CPU
		{BEEE5D0B-CE93-40B1-B24F-414EC13D7C88}.Release|Any CPU.Build.0 = Release|Any CPU
	EndGlobalSection
	GlobalSection(SolutionProperties) = preSolution
		HideSolutionNode = FALSE
	EndGlobalSection
	GlobalSection(NestedProjects) = preSolution
		{98AD1522-B1B3-479C-8164-06A8D964FDAC} = {51E3BFF5-F5B9-4230-9CE9-888D346FE4B3}
		{BEEA427F-B50E-4CCF-93AA-CA14E924FBA3} = {51E3BFF5-F5B9-4230-9CE9-888D346FE4B3}
		{BEEE5D0B-CE93-40B1-B24F-414EC13D7C88} = {AE1A4195-8540-420F-B1A7-20D501A00050}
	EndGlobalSection
	GlobalSection(ExtensibilityGlobals) = postSolution
		SolutionGuid = {17EBE0F9-032B-415D-B4A9-F9A8D593E098}
	EndGlobalSection
EndGlobal
